
Microsoft Visual Studio Solution File, Format Version 12.00
# Visual Studio Version 16
VisualStudioVersion = 16.0.31424.327
MinimumVisualStudioVersion = 10.0.40219.1
Project("{FAE04EC0-301F-11D3-BF4B-00C04F79EFBC}") = "YT_Minimal_Player", "YT_Minimal_Player.csproj", "{CFA8799D-E18F-4971-9D10-380B5A847F94}"
EndProject
Global
	GlobalSection(SolutionConfigurationPlatforms) = preSolution
		Debug|Any CPU = Debug|Any CPU
		Release|Any CPU = Release|Any CPU
	EndGlobalSection
	GlobalSection(ProjectConfigurationPlatforms) = postSolution
		{CFA8799D-E18F-4971-9D10-380B5A847F94}.Debug|Any CPU.ActiveCfg = Debug|Any CPU
		{CFA8799D-E18F-4971-9D10-380B5A847F94}.Debug|Any CPU.Build.0 = Debug|Any CPU
		{CFA8799D-E18F-4971-9D10-380B5A847F94}.Release|Any CPU.ActiveCfg = Release|Any CPU
		{CFA8799D-E18F-4971-9D10-380B5A847F94}.Release|Any CPU.Build.0 = Release|Any CPU
	EndGlobalSection
	GlobalSection(SolutionProperties) = preSolution
		HideSolutionNode = FALSE
	EndGlobalSection
	GlobalSection(ExtensibilityGlobals) = postSolution
		SolutionGuid = {715D534D-C080-4078-ABD7-F2E98B071F83}
	EndGlobalSection
EndGlobal
